hooks:
- {name: TimeClockBuild, src_addr_jpn: 2157268024, src_addr_jpn2: 2157268040, src_addr_ntsc: 2157269840,
  src_addr_ntsc2: 2157269856, src_addr_pal: 2157269840, src_addr_pal2: 2157269856,
  target_func: 'daTimeClock_c::build()', type: add_func_pointer}
- {name: TimeClockSpriteFileInfo, src_addr_jpn: 2150739416, src_addr_jpn2: 2150739416,
  src_addr_ntsc: 2150739896, src_addr_ntsc2: 2150739896, src_addr_pal: 2150740688,
  src_addr_pal2: 2150740688, target_func: TCarcNameList, type: add_func_pointer}
- {addr_jpn: 2150689160, addr_jpn2: 2150689160, addr_ntsc: 2150689640, addr_ntsc2: 2150689640,
  addr_pal: 2150690408, addr_pal2: 2150690408, data: 0113 0000  00000008 00000010  00000000
    FFFFFFF8 00000008 00000008  0000 0000 0000 0000  0000 0000, name: UpdateTimeClockSpriteInfo,
  type: patch}
- {addr_jpn: 2149181180, addr_jpn2: 2149181180, addr_ntsc: 2149181676, addr_ntsc2: 2149181676,
  addr_pal: 2149181996, addr_pal2: 2149181996, data: '38800500', name: HurryUp, type: patch}
- {addr_jpn: 2149168548, addr_jpn2: 2149168548, addr_ntsc: 2149169044, addr_ntsc2: 2149169044,
  addr_pal: 2149169364, addr_pal2: 2149169364, data: '38800500', name: HurryUp1, type: patch}
- {addr_jpn: 2149180212, addr_jpn2: 2149180212, addr_ntsc: 2149180708, addr_ntsc2: 2149180708,
  addr_pal: 2149181028, addr_pal2: 2149181028, data: '38800500', name: HurryUp2, type: patch}
source_files: [../src/timeclock.cpp]
